// !$*UTF8*$!
{
	archiveVersion = 1;
	classes = {
	};
	objectVersion = 46;
	objects = {

/* Begin PBXBuildFile section */
		8AEE2B501A6F305E00853EA6 /* AppDelegate.swift in Sources */ = {isa = PBXBuildFile; fileRef = 8AEE2B4F1A6F305E00853EA6 /* AppDelegate.swift */; };
		8AEE2B521A6F305E00853EA6 /* ViewController.swift in Sources */ = {isa = PBXBuildFile; fileRef = 8AEE2B511A6F305E00853EA6 /* ViewController.swift */; };
		8AEE2B551A6F305E00853EA6 /* Main.storyboard in Resources */ = {isa = PBXBuildFile; fileRef = 8AEE2B531A6F305E00853EA6 /* Main.storyboard */; };
		8AEE2B571A6F305E00853EA6 /* Images.xcassets in Resources */ = {isa = PBXBuildFile; fileRef = 8AEE2B561A6F305E00853EA6 /* Images.xcassets */; };
		8AEE2B5A1A6F305E00853EA6 /* LaunchScreen.xib in Resources */ = {isa = PBXBuildFile; fileRef = 8AEE2B581A6F305E00853EA6 /* LaunchScreen.xib */; };
		8AEE2B661A6F305F00853EA6 /* Google_NowTests.swift in Sources */ = {isa = PBXBuildFile; fileRef = 8AEE2B651A6F305F00853EA6 /* Google_NowTests.swift */; };
/* End PBXBuildFile section */

/* Begin PBXContainerItemProxy section */
		8AEE2B601A6F305F00853EA6 /* PBXContainerItemProxy */ = {
			isa = PBXContainerItemProxy;
			containerPortal = 8AEE2B421A6F305E00853EA6 /* Project object */;
			proxyType = 1;
			remoteGlobalIDString = 8AEE2B491A6F305E00853EA6;
			remoteInfo = "Google Now";
		};
/* End PBXContainerItemProxy section */

/* Begin PBXFileReference section */
		8AEE2B4A1A6F305E00853EA6 /* Google Now.app */ = {isa = PBXFileReference; explicitFileType = wrapper.application; includeInIndex = 0; path = "Google Now.app"; sourceTree = BUILT_PRODUCTS_DIR; };
		8AEE2B4E1A6F305E00853EA6 /* Info.plist */ = {isa = PBXFileReference; lastKnownFileType = text.plist.xml; path = Info.plist; sourceTree = "<group>"; };
		8AEE2B4F1A6F305E00853EA6 /* AppDelegate.swift */ = {isa = PBXFileReference; lastKnownFileType = sourcecode.swift; path = AppDelegate.swift; sourceTree = "<group>"; };
		8AEE2B511A6F305E00853EA6 /* ViewController.swift */ = {isa = PBXFileReference; lastKnownFileType = sourcecode.swift; path = ViewController.swift; sourceTree = "<group>"; };
		8AEE2B541A6F305E00853EA6 /* Base */ = {isa = PBXFileReference; lastKnownFileType = file.storyboard; name = Base; path = Base.lproj/Main.storyboard; sourceTree = "<group>"; };
		8AEE2B561A6F305E00853EA6 /* Images.xcassets */ = {isa = PBXFileReference; lastKnownFileType = folder.assetcatalog; path = Images.xcassets; sourceTree = "<group>"; };
		8AEE2B591A6F305E00853EA6 /* Base */ = {isa = PBXFileReference; lastKnownFileType = file.xib; name = Base; path = Base.lproj/LaunchScreen.xib; sourceTree = "<group>"; };
		8AEE2B5F1A6F305F00853EA6 /* Google NowTests.xctest */ = {isa = PBXFileReference; explicitFileType = wrapper.cfbundle; includeInIndex = 0; path = "Google NowTests.xctest"; sourceTree = BUILT_PRODUCTS_DIR; };
		8AEE2B641A6F305F00853EA6 /* Info.plist */ = {isa = PBXFileReference; lastKnownFileType = text.plist.xml; path = Info.plist; sourceTree = "<group>"; };
		8AEE2B651A6F305F00853EA6 /* Google_NowTests.swift */ = {isa = PBXFileReference; lastKnownFileType = sourcecode.swift; path = Google_NowTests.swift; sourceTree = "<group>"; };
/* End PBXFileReference section */

/* Begin PBXFrameworksBuildPhase section */
		8AEE2B471A6F305E00853EA6 /* Frameworks */ = {
			isa = PBXFrameworksBuildPhase;
			buildActionMask = 2147483647;
			files = (
			);
			runOnlyForDeploymentPostprocessing = 0;
		};
		8AEE2B5C1A6F305F00853EA6 /* Frameworks */ = {
			isa = PBXFrameworksBuildPhase;
			buildActionMask = 2147483647;
			files = (
			);
			runOnlyForDeploymentPostprocessing = 0;
		};
/* End PBXFrameworksBuildPhase section */

/* Begin PBXGroup section */
		8AEE2B411A6F305E00853EA6 = {
			isa = PBXGroup;
			children = (
				8AEE2B4C1A6F305E00853EA6 /* Google Now */,
				8AEE2B621A6F305F00853EA6 /* Google NowTests */,
				8AEE2B4B1A6F305E00853EA6 /* Products */,
			);
			sourceTree = "<group>";
		};
		8AEE2B4B1A6F305E00853EA6 /* Products */ = {
			isa = PBXGroup;
			children = (
				8AEE2B4A1A6F305E00853EA6 /* Google Now.app */,
				8AEE2B5F1A6F305F00853EA6 /* Google NowTests.xctest */,
			);
			name = Products;
			sourceTree = "<group>";
		};
		8AEE2B4C1A6F305E00853EA6 /* Google Now */ = {
			isa = PBXGroup;
			children = (
				8AEE2B4F1A6F305E00853EA6 /* AppDelegate.swift */,
				8AEE2B511A6F305E00853EA6 /* ViewController.swift */,
				8AEE2B531A6F305E00853EA6 /* Main.storyboard */,
				8AEE2B561A6F305E00853EA6 /* Images.xcassets */,
				8AEE2B581A6F305E00853EA6 /* LaunchScreen.xib */,
				8AEE2B4D1A6F305E00853EA6 /* Supporting Files */,
			);
			path = "Google Now";
			sourceTree = "<group>";
		};
		8AEE2B4D1A6F305E00853EA6 /* Supporting Files */ = {
			isa = PBXGroup;
			children = (
				8AEE2B4E1A6F305E00853EA6 /* Info.plist */,
			);
			name = "Supporting Files";
			sourceTree = "<group>";
		};
		8AEE2B621A6F305F00853EA6 /* Google NowTests */ = {
			isa = PBXGroup;
			children = (
				8AEE2B651A6F305F00853EA6 /* Google_NowTests.swift */,
				8AEE2B631A6F305F00853EA6 /* Supporting Files */,
			);
			path = "Google NowTests";
			sourceTree = "<group>";
		};
		8AEE2B631A6F305F00853EA6 /* Supporting Files */ = {
			isa = PBXGroup;
			children = (
				8AEE2B641A6F305F00853EA6 /* Info.plist */,
			);
			name = "Supporting Files";
			sourceTree = "<group>";
		};
/* End PBXGroup section */

/* Begin PBXNativeTarget section */
		8AEE2B491A6F305E00853EA6 /* Google Now */ = {
			isa = PBXNativeTarget;
			buildConfigurationList = 8AEE2B691A6F305F00853EA6 /* Build configuration list for PBXNativeTarget "Google Now" */;
			buildPhases = (
				8AEE2B461A6F305E00853EA6 /* Sources */,
				8AEE2B471A6F305E00853EA6 /* Frameworks */,
				8AEE2B481A6F305E00853EA6 /* Resources */,
			);
			buildRules = (
			);
			dependencies = (
			);
			name = "Google Now";
			productName = "Google Now";
			productReference = 8AEE2B4A1A6F305E00853EA6 /* Google Now.app */;
			productType = "com.apple.product-type.application";
		};
		8AEE2B5E1A6F305F00853EA6 /* Google NowTests */ = {
			isa = PBXNativeTarget;
			buildConfigurationList = 8AEE2B6C1A6F305F00853EA6 /* Build configuration list for PBXNativeTarget "Google NowTests" */;
			buildPhases = (
				8AEE2B5B1A6F305F00853EA6 /* Sources */,
				8AEE2B5C1A6F305F00853EA6 /* Frameworks */,
				8AEE2B5D1A6F305F00853EA6 /* Resources */,
			);
			buildRules = (
			);
			dependencies = (
				8AEE2B611A6F305F00853EA6 /* PBXTargetDependency */,
			);
			name = "Google NowTests";
			productName = "Google NowTests";
			productReference = 8AEE2B5F1A6F305F00853EA6 /* Google NowTests.xctest */;
			productType = "com.apple.product-type.bundle.unit-test";
		};
/* End PBXNativeTarget section */

/* Begin PBXProject section */
		8AEE2B421A6F305E00853EA6 /* Project object */ = {
			isa = PBXProject;
			attributes = {
				LastUpgradeCheck = 0610;
				ORGANIZATIONNAME = "Samuel Shih";
				TargetAttributes = {
					8AEE2B491A6F305E00853EA6 = {
						CreatedOnToolsVersion = 6.1.1;
					};
					8AEE2B5E1A6F305F00853EA6 = {
						CreatedOnToolsVersion = 6.1.1;
						TestTargetID = 8AEE2B491A6F305E00853EA6;
					};
				};
			};
			buildConfigurationList = 8AEE2B451A6F305E00853EA6 /* Build configuration list for PBXProject "Google Now" */;
			compatibilityVersion = "Xcode 3.2";
			developmentRegion = English;
			hasScannedForEncodings = 0;
			knownRegions = (
				en,
				Base,
			);
			mainGroup = 8AEE2B411A6F305E00853EA6;
			productRefGroup = 8AEE2B4B1A6F305E00853EA6 /* Products */;
			projectDirPath = "";
			projectRoot = "";
			targets = (
				8AEE2B491A6F305E00853EA6 /* Google Now */,
				8AEE2B5E1A6F305F00853EA6 /* Google NowTests */,
			);
		};
/* End PBXProject section */

/* Begin PBXResourcesBuildPhase section */
		8AEE2B481A6F305E00853EA6 /* Resources */ = {
			isa = PBXResourcesBuildPhase;
			buildActionMask = 2147483647;
			files = (
				8AEE2B551A6F305E00853EA6 /* Main.storyboard in Resources */,
				8AEE2B5A1A6F305E00853EA6 /* LaunchScreen.xib in Resources */,
				8AEE2B571A6F305E00853EA6 /* Images.xcassets in Resources */,
			);
			runOnlyForDeploymentPostprocessing = 0;
		};
		8AEE2B5D1A6F305F00853EA6 /* Resources */ = {
			isa = PBXResourcesBuildPhase;
			buildActionMask = 2147483647;
			files = (
			);
			runOnlyForDeploymentPostprocessing = 0;
		};
/* End PBXResourcesBuildPhase section */

/* Begin PBXSourcesBuildPhase section */
		8AEE2B461A6F305E00853EA6 /* Sources */ = {
			isa = PBXSourcesBuildPhase;
			buildActionMask = 2147483647;
			files = (
				8AEE2B521A6F305E00853EA6 /* ViewController.swift in Sources */,
				8AEE2B501A6F305E00853EA6 /* AppDelegate.swift in Sources */,
			);
			runOnlyForDeploymentPostprocessing = 0;
		};
		8AEE2B5B1A6F305F00853EA6 /* Sources */ = {
			isa = PBXSourcesBuildPhase;
			buildActionMask = 2147483647;
			files = (
				8AEE2B661A6F305F00853EA6 /* Google_NowTests.swift in Sources */,
			);
			runOnlyForDeploymentPostprocessing = 0;
		};
/* End PBXSourcesBuildPhase section */

/* Begin PBXTargetDependency section */
		8AEE2B611A6F305F00853EA6 /* PBXTargetDependency */ = {
			isa = PBXTargetDependency;
			target = 8AEE2B491A6F305E00853EA6 /* Google Now */;
			targetProxy = 8AEE2B601A6F305F00853EA6 /* PBXContainerItemProxy */;
		};
/* End PBXTargetDependency section */

/* Begin PBXVariantGroup section */
		8AEE2B531A6F305E00853EA6 /* Main.storyboard */ = {
			isa = PBXVariantGroup;
			children = (
				8AEE2B541A6F305E00853EA6 /* Base */,
			);
			name = Main.storyboard;
			sourceTree = "<group>";
		};
		8AEE2B581A6F305E00853EA6 /* LaunchScreen.xib */ = {
			isa = PBXVariantGroup;
			children = (
				8AEE2B591A6F305E00853EA6 /* Base */,
			);
			name = LaunchScreen.xib;
			sourceTree = "<group>";
		};
/* End PBXVariantGroup section */

/* Begin XCBuildConfiguration section */
		8AEE2B671A6F305F00853EA6 /* Debug */ = {
			isa = XCBuildConfiguration;
			buildSettings = {
				ALWAYS_SEARCH_USER_PATHS = NO;
				CLANG_CXX_LANGUAGE_STANDARD = "gnu++0x";
				CLANG_CXX_LIBRARY = "libc++";
				CLANG_ENABLE_MODULES = YES;
				CLANG_ENABLE_OBJC_ARC = YES;
				CLANG_WARN_BOOL_CONVERSION = YES;
				CLANG_WARN_CONSTANT_CONVERSION = YES;
				CLANG_WARN_DIRECT_OBJC_ISA_USAGE = YES_ERROR;
				CLANG_WARN_EMPTY_BODY = YES;
				CLANG_WARN_ENUM_CONVERSION = YES;
				CLANG_WARN_INT_CONVERSION = YES;
				CLANG_WARN_OBJC_ROOT_CLASS = YES_ERROR;
				CLANG_WARN_UNREACHABLE_CODE = YES;
				CLANG_WARN__DUPLICATE_METHOD_MATCH = YES;
				"CODE_SIGN_IDENTITY[sdk=iphoneos*]" = "iPhone Developer";
				COPY_PHASE_STRIP = NO;
				ENABLE_STRICT_OBJC_MSGSEND = YES;
				GCC_C_LANGUAGE_STANDARD = gnu99;
				GCC_DYNAMIC_NO_PIC = NO;
				GCC_OPTIMIZATION_LEVEL = 0;
				GCC_PREPROCESSOR_DEFINITIONS = (
					"DEBUG=1",
					"$(inherited)",
				);
				GCC_SYMBOLS_PRIVATE_EXTERN = NO;
				GCC_WARN_64_TO_32_BIT_CONVERSION = YES;
				GCC_WARN_ABOUT_RETURN_TYPE = YES_ERROR;
				GCC_WARN_UNDECLARED_SELECTOR = YES;
				GCC_WARN_UNINITIALIZED_AUTOS = YES_AGGRESSIVE;
				GCC_WARN_UNUSED_FUNCTION = YES;
				GCC_WARN_UNUSED_VARIABLE = YES;
				IPHONEOS_DEPLOYMENT_TARGET = 8.1;
				MTL_ENABLE_DEBUG_INFO = YES;
				ONLY_ACTIVE_ARCH = YES;
				SDKROOT = iphoneos;
				SWIFT_OPTIMIZATION_LEVEL = "-Onone";
			};
			name = Debug;
		};
		8AEE2B681A6F305F00853EA6 /* Release */ = {
			isa = XCBuildConfiguration;
			buildSettings = {
				ALWAYS_SEARCH_USER_PATHS = NO;
				CLANG_CXX_LANGUAGE_STANDARD = "gnu++0x";
				CLANG_CXX_LIBRARY = "libc++";
				CLANG_ENABLE_MODULES = YES;
				CLANG_ENABLE_OBJC_ARC = YES;
				CLANG_WARN_BOOL_CONVERSION = YES;
				CLANG_WARN_CONSTANT_CONVERSION = YES;
				CLANG_WARN_DIRECT_OBJC_ISA_USAGE = YES_ERROR;
				CLANG_WARN_EMPTY_BODY = YES;
				CLANG_WARN_ENUM_CONVERSION = YES;
				CLANG_WARN_INT_CONVERSION = YES;
				CLANG_WARN_OBJC_ROOT_CLASS = YES_ERROR;
				CLANG_WARN_UNREACHABLE_CODE = YES;
				CLANG_WARN__DUPLICATE_METHOD_MATCH = YES;
				"CODE_SIGN_IDENTITY[sdk=iphoneos*]" = "iPhone Developer";
				COPY_PHASE_STRIP = YES;
				ENABLE_NS_ASSERTIONS = NO;
				ENABLE_STRICT_OBJC_MSGSEND = YES;
				GCC_C_LANGUAGE_STANDARD = gnu99;
				GCC_WARN_64_TO_32_BIT_CONVERSION = YES;
				GCC_WARN_ABOUT_RETURN_TYPE = YES_ERROR;
				GCC_WARN_UNDECLARED_SELECTOR = YES;
				GCC_WARN_UNINITIALIZED_AUTOS = YES_AGGRESSIVE;
				GCC_WARN_UNUSED_FUNCTION = YES;
				GCC_WARN_UNUSED_VARIABLE = YES;
				IPHONEOS_DEPLOYMENT_TARGET = 8.1;
				MTL_ENABLE_DEBUG_INFO = NO;
				SDKROOT = iphoneos;
				VALIDATE_PRODUCT = YES;
			};
			name = Release;
		};
		8AEE2B6A1A6F305F00853EA6 /* Debug */ = {
			isa = XCBuildConfiguration;
			buildSettings = {
				ASSETCATALOG_COMPILER_APPICON_NAME = AppIcon;
				INFOPLIST_FILE = "Google Now/Info.plist";
				LD_RUNPATH_SEARCH_PATHS = "$(inherited) @executable_path/Frameworks";
				PRODUCT_NAME = "$(TARGET_NAME)";
			};
			name = Debug;
		};
		8AEE2B6B1A6F305F00853EA6 /* Release */ = {
			isa = XCBuildConfiguration;
			buildSettings = {
				ASSETCATALOG_COMPILER_APPICON_NAME = AppIcon;
				INFOPLIST_FILE = "Google Now/Info.plist";
				LD_RUNPATH_SEARCH_PATHS = "$(inherited) @executable_path/Frameworks";
				PRODUCT_NAME = "$(TARGET_NAME)";
			};
			name = Release;
		};
		8AEE2B6D1A6F305F00853EA6 /* Debug */ = {
			isa = XCBuildConfiguration;
			buildSettings = {
				BUNDLE_LOADER = "$(TEST_HOST)";
				FRAMEWORK_SEARCH_PATHS = (
					"$(SDKROOT)/Developer/Library/Frameworks",
					"$(inherited)",
				);
				GCC_PREPROCESSOR_DEFINITIONS = (
					"DEBUG=1",
					"$(inherited)",
				);
				INFOPLIST_FILE = "Google NowTests/Info.plist";
				LD_RUNPATH_SEARCH_PATHS = "$(inherited) @executable_path/Frameworks @loader_path/Frameworks";
				PRODUCT_NAME = "$(TARGET_NAME)";
				TEST_HOST = "$(BUILT_PRODUCTS_DIR)/Google Now.app/Google Now";
			};
			name = Debug;
		};
		8AEE2B6E1A6F305F00853EA6 /* Release */ = {
			isa = XCBuildConfiguration;
			buildSettings = {
				BUNDLE_LOADER = "$(TEST_HOST)";
				FRAMEWORK_SEARCH_PATHS = (
					"$(SDKROOT)/Developer/Library/Frameworks",
					"$(inherited)",
				);
				INFOPLIST_FILE = "Google NowTests/Info.plist";
				LD_RUNPATH_SEARCH_PATHS = "$(inherited) @executable_path/Frameworks @loader_path/Frameworks";
				PRODUCT_NAME = "$(TARGET_NAME)";
				TEST_HOST = "$(BUILT_PRODUCTS_DIR)/Google Now.app/Google Now";
			};
			name = Release;
		};
/* End XCBuildConfiguration section */

/* Begin XCConfigurationList section */
		8AEE2B451A6F305E00853EA6 /* Build configuration list for PBXProject "Google Now" */ = {
			isa = XCConfigurationList;
			buildConfigurations = (
				8AEE2B671A6F305F00853EA6 /* Debug */,
				8AEE2B681A6F305F00853EA6 /* Release */,
			);
			defaultConfigurationIsVisible = 0;
			defaultConfigurationName = Release;
		};
		8AEE2B691A6F305F00853EA6 /* Build configuration list for PBXNativeTarget "Google Now" */ = {
			isa = XCConfigurationList;
			buildConfigurations = (
				8AEE2B6A1A6F305F00853EA6 /* Debug */,
				8AEE2B6B1A6F305F00853EA6 /* Release */,
			);
			defaultConfigurationIsVisible = 0;
		};
		8AEE2B6C1A6F305F00853EA6 /* Build configuration list for PBXNativeTarget "Google NowTests" */ = {
			isa = XCConfigurationList;
			buildConfigurations = (
				8AEE2B6D1A6F305F00853EA6 /* Debug */,
				8AEE2B6E1A6F305F00853EA6 /* Release */,
			);
			defaultConfigurationIsVisible = 0;
		};
/* End XCConfigurationList section */
	};
	rootObject = 8AEE2B421A6F305E00853EA6 /* Project object */;
}
